
Microsoft Visual Studio Solution File, Format Version 12.00
# Visual Studio Version 17
VisualStudioVersion = 17.0.31903.59
MinimumVisualStudioVersion = 10.0.40219.1
Project("{FAE04EC0-301F-11D3-BF4B-00C04F79EFBC}") = "HandAndFoot.Logic", "HandAndFoot.Logic\HandAndFoot.Logic.csproj", "{5E5D3F97-EB9F-482A-8DD4-5354D55E34FE}"
EndProject
Project("{FAE04EC0-301F-11D3-BF4B-00C04F79EFBC}") = "HandAndFoot.Tests", "HandAndFoot.Tests\HandAndFoot.Tests.csproj", "{E3A08B5F-E622-4535-BF96-1AA06E0A2928}"
EndProject
Project("{FAE04EC0-301F-11D3-BF4B-00C04F79EFBC}") = "HandAndFoot.ConsoleUI", "HandAndFoot.ConsoleUI\HandAndFoot.ConsoleUI.csproj", "{129E4351-78F2-4FF1-B99F-E68AAED8AB36}"
EndProject
Project("{FAE04EC0-301F-11D3-BF4B-00C04F79EFBC}") = "HandAndFoot.WebUI", "HandAndFoot.WebUI\HandAndFoot.WebUI.csproj", "{DFD08E2A-2380-40A4-B12C-C7C719B359E2}"
EndProject
Global
	GlobalSection(SolutionConfigurationPlatforms) = preSolution
		Debug|Any CPU = Debug|Any CPU
		Release|Any CPU = Release|Any CPU
	EndGlobalSection
	GlobalSection(SolutionProperties) = preSolution
		HideSolutionNode = FALSE
	EndGlobalSection
	GlobalSection(ProjectConfigurationPlatforms) = postSolution
		{5E5D3F97-EB9F-482A-8DD4-5354D55E34FE}.Debug|Any CPU.ActiveCfg = Debug|Any CPU
		{5E5D3F97-EB9F-482A-8DD4-5354D55E34FE}.Debug|Any CPU.Build.0 = Debug|Any CPU
		{5E5D3F97-EB9F-482A-8DD4-5354D55E34FE}.Release|Any CPU.ActiveCfg = Release|Any CPU
		{5E5D3F97-EB9F-482A-8DD4-5354D55E34FE}.Release|Any CPU.Build.0 = Release|Any CPU
		{E3A08B5F-E622-4535-BF96-1AA06E0A2928}.Debug|Any CPU.ActiveCfg = Debug|Any CPU
		{E3A08B5F-E622-4535-BF96-1AA06E0A2928}.Debug|Any CPU.Build.0 = Debug|Any CPU
		{E3A08B5F-E622-4535-BF96-1AA06E0A2928}.Release|Any CPU.ActiveCfg = Release|Any CPU
		{E3A08B5F-E622-4535-BF96-1AA06E0A2928}.Release|Any CPU.Build.0 = Release|Any CPU
		{129E4351-78F2-4FF1-B99F-E68AAED8AB36}.Debug|Any CPU.ActiveCfg = Debug|Any CPU
		{129E4351-78F2-4FF1-B99F-E68AAED8AB36}.Debug|Any CPU.Build.0 = Debug|Any CPU
		{129E4351-78F2-4FF1-B99F-E68AAED8AB36}.Release|Any CPU.ActiveCfg = Release|Any CPU
		{129E4351-78F2-4FF1-B99F-E68AAED8AB36}.Release|Any CPU.Build.0 = Release|Any CPU
		{DFD08E2A-2380-40A4-B12C-C7C719B359E2}.Debug|Any CPU.ActiveCfg = Debug|Any CPU
		{DFD08E2A-2380-40A4-B12C-C7C719B359E2}.Debug|Any CPU.Build.0 = Debug|Any CPU
		{DFD08E2A-2380-40A4-B12C-C7C719B359E2}.Release|Any CPU.ActiveCfg = Release|Any CPU
		{DFD08E2A-2380-40A4-B12C-C7C719B359E2}.Release|Any CPU.Build.0 = Release|Any CPU
	EndGlobalSection
EndGlobal
